
Microsoft Visual Studio Solution File, Format Version 12.00
# Visual Studio 15
VisualStudioVersion = 15.0.28010.2019
MinimumVisualStudioVersion = 10.0.40219.1
Project("{9A19103F-16F7-4668-BE54-9A1E7A4F7556}") = "api", "api\api.csproj", "{ABD9B3D5-B06E-451B-B77A-F45992F93939}"
EndProject
Project("{9A19103F-16F7-4668-BE54-9A1E7A4F7556}") = "domain", "domain\domain.csproj", "{2CEF8E04-F6DE-482F-9585-C4E1B9A4C2F2}"
EndProject
Project("{9A19103F-16F7-4668-BE54-9A1E7A4F7556}") = "provider", "provider\provider.csproj", "{FB51E009-4DD6-46C1-94EE-572B7DE2F8FB}"
EndProject
Project("{9A19103F-16F7-4668-BE54-9A1E7A4F7556}") = "service", "service\service.csproj", "{F9525F11-76A5-4411-98D3-103818646492}"
EndProject
Project("{2150E333-8FDC-42A3-9474-1A3956D46DE8}") = "Tests", "Tests", "{9207BFE8-EC6A-446D-98AB-ADDAD0C0F3FB}"
EndProject
Project("{9A19103F-16F7-4668-BE54-9A1E7A4F7556}") = "api.tests", "api.tests\api.tests.csproj", "{B22C2EA4-772D-42C2-912C-72C3345E8F14}"
EndProject
Project("{9A19103F-16F7-4668-BE54-9A1E7A4F7556}") = "service.tests", "service.tests\service.tests.csproj", "{2230C69D-8488-4963-BCA1-53A5B712142A}"
EndProject
Project("{FAE04EC0-301F-11D3-BF4B-00C04F79EFBC}") = "provider.tests", "provider.tests\provider.tests.csproj", "{163F0BDD-AF9D-43AB-B884-7DBF130CEBE9}"
EndProject
Global
	GlobalSection(SolutionConfigurationPlatforms) = preSolution
		Debug|Any CPU = Debug|Any CPU
		Release|Any CPU = Release|Any CPU
	EndGlobalSection
	GlobalSection(ProjectConfigurationPlatforms) = postSolution
		{ABD9B3D5-B06E-451B-B77A-F45992F93939}.Debug|Any CPU.ActiveCfg = Debug|Any CPU
		{ABD9B3D5-B06E-451B-B77A-F45992F93939}.Debug|Any CPU.Build.0 = Debug|Any CPU
		{ABD9B3D5-B06E-451B-B77A-F45992F93939}.Release|Any CPU.ActiveCfg = Release|Any CPU
		{ABD9B3D5-B06E-451B-B77A-F45992F93939}.Release|Any CPU.Build.0 = Release|Any CPU
		{2CEF8E04-F6DE-482F-9585-C4E1B9A4C2F2}.Debug|Any CPU.ActiveCfg = Debug|Any CPU
		{2CEF8E04-F6DE-482F-9585-C4E1B9A4C2F2}.Debug|Any CPU.Build.0 = Debug|Any CPU
		{2CEF8E04-F6DE-482F-9585-C4E1B9A4C2F2}.Release|Any CPU.ActiveCfg = Release|Any CPU
		{2CEF8E04-F6DE-482F-9585-C4E1B9A4C2F2}.Release|Any CPU.Build.0 = Release|Any CPU
		{FB51E009-4DD6-46C1-94EE-572B7DE2F8FB}.Debug|Any CPU.ActiveCfg = Debug|Any CPU
		{FB51E009-4DD6-46C1-94EE-572B7DE2F8FB}.Debug|Any CPU.Build.0 = Debug|Any CPU
		{FB51E009-4DD6-46C1-94EE-572B7DE2F8FB}.Release|Any CPU.ActiveCfg = Release|Any CPU
		{FB51E009-4DD6-46C1-94EE-572B7DE2F8FB}.Release|Any CPU.Build.0 = Release|Any CPU
		{F9525F11-76A5-4411-98D3-103818646492}.Debug|Any CPU.ActiveCfg = Debug|Any CPU
		{F9525F11-76A5-4411-98D3-103818646492}.Debug|Any CPU.Build.0 = Debug|Any CPU
		{F9525F11-76A5-4411-98D3-103818646492}.Release|Any CPU.ActiveCfg = Release|Any CPU
		{F9525F11-76A5-4411-98D3-103818646492}.Release|Any CPU.Build.0 = Release|Any CPU
		{B22C2EA4-772D-42C2-912C-72C3345E8F14}.Debug|Any CPU.ActiveCfg = Debug|Any CPU
		{B22C2EA4-772D-42C2-912C-72C3345E8F14}.Debug|Any CPU.Build.0 = Debug|Any CPU
		{B22C2EA4-772D-42C2-912C-72C3345E8F14}.Release|Any CPU.ActiveCfg = Release|Any CPU
		{B22C2EA4-772D-42C2-912C-72C3345E8F14}.Release|Any CPU.Build.0 = Release|Any CPU
		{2230C69D-8488-4963-BCA1-53A5B712142A}.Debug|Any CPU.ActiveCfg = Debug|Any CPU
		{2230C69D-8488-4963-BCA1-53A5B712142A}.Debug|Any CPU.Build.0 = Debug|Any CPU
		{2230C69D-8488-4963-BCA1-53A5B712142A}.Release|Any CPU.ActiveCfg = Release|Any CPU
		{2230C69D-8488-4963-BCA1-53A5B712142A}.Release|Any CPU.Build.0 = Release|Any CPU
		{163F0BDD-AF9D-43AB-B884-7DBF130CEBE9}.Debug|Any CPU.ActiveCfg = Debug|Any CPU
		{163F0BDD-AF9D-43AB-B884-7DBF130CEBE9}.Debug|Any CPU.Build.0 = Debug|Any CPU
		{163F0BDD-AF9D-43AB-B884-7DBF130CEBE9}.Release|Any CPU.ActiveCfg = Release|Any CPU
		{163F0BDD-AF9D-43AB-B884-7DBF130CEBE9}.Release|Any CPU.Build.0 = Release|Any CPU
	EndGlobalSection
	GlobalSection(SolutionProperties) = preSolution
		HideSolutionNode = FALSE
	EndGlobalSection
	GlobalSection(NestedProjects) = preSolution
		{B22C2EA4-772D-42C2-912C-72C3345E8F14} = {9207BFE8-EC6A-446D-98AB-ADDAD0C0F3FB}
		{2230C69D-8488-4963-BCA1-53A5B712142A} = {9207BFE8-EC6A-446D-98AB-ADDAD0C0F3FB}
		{163F0BDD-AF9D-43AB-B884-7DBF130CEBE9} = {9207BFE8-EC6A-446D-98AB-ADDAD0C0F3FB}
	EndGlobalSection
	GlobalSection(ExtensibilityGlobals) = postSolution
		SolutionGuid = {CAFFB5A8-7CA3-4763-9973-7F7B0BE4224D}
	EndGlobalSection
EndGlobal
